# Generated by team-ai. Changing any value forces a full reindex.
driver: lexical
chunk:
  split_on: [h2, h3]
  target_tokens: 800
  hard_cap: 1200
embedding: null
kb:
  root: ../docs
  exclude:
    - archive/
    - design/line-libraries/
    - "**/SKILL.md"
    - adoption-plan.md
    - decisions/0000-template.md
    - specs/0041-aw-217-session-lifecycle-api-and-auth.md
